
Microsoft Visual Studio Solution File, Format Version 12.00
# Visual Studio Version 16
VisualStudioVersion = 16.0.30709.132
MinimumVisualStudioVersion = 10.0.40219.1
Project("{9A19103F-16F7-4668-BE54-9A1E7A4F7556}") = "1.HelloWorld", "1.HelloWorld.csproj", "{728665A2-0967-4059-A5AF-A6DFEDAFA44C}"
EndProject
Project("{9A19103F-16F7-4668-BE54-9A1E7A4F7556}") = "2.DataTypes", "..\2.DataTypes\2.DataTypes.csproj", "{F2119652-54E3-4259-9332-A43E41223ACC}"
EndProject
Project("{9A19103F-16F7-4668-BE54-9A1E7A4F7556}") = "3.Const,Enum", "..\3.Const,Enum\3.Const,Enum.csproj", "{C9CA9031-A360-4A2B-AA5A-46A490F98380}"
EndProject
Project("{FAE04EC0-301F-11D3-BF4B-00C04F79EFBC}") = "Ex1.RectArea", "..\Ex1.RectArea\Ex1.RectArea.csproj", "{C45F441A-2E15-42E3-8DD4-F4ED2E31C4DC}"
EndProject
Global
	GlobalSection(SolutionConfigurationPlatforms) = preSolution
		Debug|Any CPU = Debug|Any CPU
		Release|Any CPU = Release|Any CPU
	EndGlobalSection
	GlobalSection(ProjectConfigurationPlatforms) = postSolution
		{728665A2-0967-4059-A5AF-A6DFEDAFA44C}.Debug|Any CPU.ActiveCfg = Debug|Any CPU
		{728665A2-0967-4059-A5AF-A6DFEDAFA44C}.Debug|Any CPU.Build.0 = Debug|Any CPU
		{728665A2-0967-4059-A5AF-A6DFEDAFA44C}.Release|Any CPU.ActiveCfg = Release|Any CPU
		{728665A2-0967-4059-A5AF-A6DFEDAFA44C}.Release|Any CPU.Build.0 = Release|Any CPU
		{F2119652-54E3-4259-9332-A43E41223ACC}.Debug|Any CPU.ActiveCfg = Debug|Any CPU
		{F2119652-54E3-4259-9332-A43E41223ACC}.Debug|Any CPU.Build.0 = Debug|Any CPU
		{F2119652-54E3-4259-9332-A43E41223ACC}.Release|Any CPU.ActiveCfg = Release|Any CPU
		{F2119652-54E3-4259-9332-A43E41223ACC}.Release|Any CPU.Build.0 = Release|Any CPU
		{C9CA9031-A360-4A2B-AA5A-46A490F98380}.Debug|Any CPU.ActiveCfg = Debug|Any CPU
		{C9CA9031-A360-4A2B-AA5A-46A490F98380}.Debug|Any CPU.Build.0 = Debug|Any CPU
		{C9CA9031-A360-4A2B-AA5A-46A490F98380}.Release|Any CPU.ActiveCfg = Release|Any CPU
		{C9CA9031-A360-4A2B-AA5A-46A490F98380}.Release|Any CPU.Build.0 = Release|Any CPU
		{C45F441A-2E15-42E3-8DD4-F4ED2E31C4DC}.Debug|Any CPU.ActiveCfg = Debug|Any CPU
		{C45F441A-2E15-42E3-8DD4-F4ED2E31C4DC}.Debug|Any CPU.Build.0 = Debug|Any CPU
		{C45F441A-2E15-42E3-8DD4-F4ED2E31C4DC}.Release|Any CPU.ActiveCfg = Release|Any CPU
		{C45F441A-2E15-42E3-8DD4-F4ED2E31C4DC}.Release|Any CPU.Build.0 = Release|Any CPU
	EndGlobalSection
	GlobalSection(SolutionProperties) = preSolution
		HideSolutionNode = FALSE
	EndGlobalSection
	GlobalSection(ExtensibilityGlobals) = postSolution
		SolutionGuid = {8A6BAE49-686F-4DD5-8CE9-09C92E05F39B}
	EndGlobalSection
EndGlobal
