
Microsoft Visual Studio Solution File, Format Version 12.00
# Visual Studio Version 16
VisualStudioVersion = 16.0.30709.132
MinimumVisualStudioVersion = 10.0.40219.1
Project("{9A19103F-16F7-4668-BE54-9A1E7A4F7556}") = "1.HelloWorld", "1.HelloWorld.csproj", "{728665A2-0967-4059-A5AF-A6DFEDAFA44C}"
EndProject
Project("{9A19103F-16F7-4668-BE54-9A1E7A4F7556}") = "2.DataTypes", "..\2.DataTypes\2.DataTypes.csproj", "{F2119652-54E3-4259-9332-A43E41223ACC}"
EndProject
Project("{9A19103F-16F7-4668-BE54-9A1E7A4F7556}") = "3.Const,Enum", "..\3.Const,Enum\3.Const,Enum.csproj", "{C9CA9031-A360-4A2B-AA5A-46A490F98380}"
EndProject
Project("{9A19103F-16F7-4668-BE54-9A1E7A4F7556}") = "Ex1.RectArea", "..\Ex1.RectArea\Ex1.RectArea.csproj", "{C45F441A-2E15-42E3-8DD4-F4ED2E31C4DC}"
EndProject
Project("{9A19103F-16F7-4668-BE54-9A1E7A4F7556}") = "Appendix", "..\Appendix\Appendix.csproj", "{157D6A29-66AE-4BC0-9A5A-B32BC7F660FB}"
EndProject
Project("{9A19103F-16F7-4668-BE54-9A1E7A4F7556}") = "4.Operator", "..\4.Operator\4.Operator.csproj", "{28A8A149-1F16-490B-9272-59BE32F27F5A}"
EndProject
Project("{9A19103F-16F7-4668-BE54-9A1E7A4F7556}") = "5.FlowControl", "..\5.FlowControl\5.FlowControl.csproj", "{8C3D87D6-591A-4DEB-A2DC-6C21B82233A7}"
EndProject
Project("{9A19103F-16F7-4668-BE54-9A1E7A4F7556}") = "6.Method", "..\6.Method\6.Method.csproj", "{447BFAD2-6CBF-4D5B-9286-690358EBCC46}"
EndProject
Project("{9A19103F-16F7-4668-BE54-9A1E7A4F7556}") = "Ex2.Square", "..\Ex2.Square\Ex2.Square.csproj", "{C5D7322B-118E-4AC0-B8FA-3E7BA4AD6F30}"
EndProject
Project("{9A19103F-16F7-4668-BE54-9A1E7A4F7556}") = "Ex3.Mean", "..\Ex3.Mean\Ex3.Mean.csproj", "{CEBB0419-F9D8-492F-BC81-05DFFD14E452}"
EndProject
Project("{9A19103F-16F7-4668-BE54-9A1E7A4F7556}") = "Ex4.Plus", "..\Ex4.Plus\Ex4.Plus.csproj", "{1190A4D4-FF0C-4FDC-9620-9C1E93BB3483}"
EndProject
Project("{9A19103F-16F7-4668-BE54-9A1E7A4F7556}") = "7.Class", "..\7.Class\7.Class.csproj", "{FF0D4879-35C6-4ED5-BF36-FCCD08DA71C6}"
EndProject
Project("{FAE04EC0-301F-11D3-BF4B-00C04F79EFBC}") = "8.Interface,Abstract", "..\8.Interface,Abstract\8.Interface,Abstract.csproj", "{EF0F64B8-14C9-442F-9AF3-B4F0002A2874}"
EndProject
Project("{FAE04EC0-301F-11D3-BF4B-00C04F79EFBC}") = "9.Property", "..\9.Property\9.Property.csproj", "{73B92FDE-1A0C-4C07-B47F-78E128FD6CDB}"
EndProject
Project("{FAE04EC0-301F-11D3-BF4B-00C04F79EFBC}") = "Ex5.NameCard", "..\Ex5.NameCard\Ex5.NameCard.csproj", "{532991BF-C33F-435A-83B0-E58B9B5138AF}"
EndProject
Project("{FAE04EC0-301F-11D3-BF4B-00C04F79EFBC}") = "Ex6.AnonymousType", "..\Ex6.AnonymusType\Ex6.AnonymousType.csproj", "{037BA58C-066C-47C8-8B2C-44564ED62755}"
EndProject
Project("{FAE04EC0-301F-11D3-BF4B-00C04F79EFBC}") = "9+1.Array,Collection,Indexer", "..\10.Array,Collection,Indexer\9+1.Array,Collection,Indexer.csproj", "{1F21E13B-A8C1-4C41-9470-51E857753EBA}"
EndProject
Project("{FAE04EC0-301F-11D3-BF4B-00C04F79EFBC}") = "9+2.GenericProgramming", "..\11.GenericProgramming\9+2.GenericProgramming.csproj", "{CAA1FD4F-01D1-4782-A5C3-EC8FBF78DAF2}"
EndProject
Project("{FAE04EC0-301F-11D3-BF4B-00C04F79EFBC}") = "9+3.ExceptionHandling", "..\12.ExceptionHandling\9+3.ExceptionHandling.csproj", "{37DCC5BA-CF14-4222-B68B-B9E5D28F72F3}"
EndProject
Project("{FAE04EC0-301F-11D3-BF4B-00C04F79EFBC}") = "Ex7.Exception", "..\Ex7.Exception\Ex7.Exception.csproj", "{770FAD28-DA5A-4C7C-A128-9F70C64E05AC}"
EndProject
Project("{FAE04EC0-301F-11D3-BF4B-00C04F79EFBC}") = "9+4.Delegate,Event", "..\13.Delegate,Event\9+4.Delegate,Event.csproj", "{53565ABA-FEC9-44E4-B008-7CEE8B446B3A}"
EndProject
Project("{FAE04EC0-301F-11D3-BF4B-00C04F79EFBC}") = "Ex8.AnonymousMethod", "..\Ex8.AnonymousMethod\Ex8.AnonymousMethod.csproj", "{641FDD87-3CD7-4562-B90B-55FBD21B5314}"
EndProject
Project("{FAE04EC0-301F-11D3-BF4B-00C04F79EFBC}") = "Ex9.Event", "..\Ex9.Event\Ex9.Event.csproj", "{0AAE55E5-FD72-4C73-990C-C3D7A08AC183}"
EndProject
Project("{FAE04EC0-301F-11D3-BF4B-00C04F79EFBC}") = "9+5.LambdaExpression", "..\14.LambdaExpression\9+5.LambdaExpression.csproj", "{8CE9176D-C96D-4F19-94CF-7AC781787649}"
EndProject
Project("{FAE04EC0-301F-11D3-BF4B-00C04F79EFBC}") = "Ex9+1.Lambda", "..\Ex10.Lambda\Ex9+1.Lambda.csproj", "{A90CB0A7-F762-4CA1-B510-1B0959686535}"
EndProject
Global
	GlobalSection(SolutionConfigurationPlatforms) = preSolution
		Debug|Any CPU = Debug|Any CPU
		Release|Any CPU = Release|Any CPU
	EndGlobalSection
	GlobalSection(ProjectConfigurationPlatforms) = postSolution
		{728665A2-0967-4059-A5AF-A6DFEDAFA44C}.Debug|Any CPU.ActiveCfg = Debug|Any CPU
		{728665A2-0967-4059-A5AF-A6DFEDAFA44C}.Debug|Any CPU.Build.0 = Debug|Any CPU
		{728665A2-0967-4059-A5AF-A6DFEDAFA44C}.Release|Any CPU.ActiveCfg = Release|Any CPU
		{728665A2-0967-4059-A5AF-A6DFEDAFA44C}.Release|Any CPU.Build.0 = Release|Any CPU
		{F2119652-54E3-4259-9332-A43E41223ACC}.Debug|Any CPU.ActiveCfg = Debug|Any CPU
		{F2119652-54E3-4259-9332-A43E41223ACC}.Debug|Any CPU.Build.0 = Debug|Any CPU
		{F2119652-54E3-4259-9332-A43E41223ACC}.Release|Any CPU.ActiveCfg = Release|Any CPU
		{F2119652-54E3-4259-9332-A43E41223ACC}.Release|Any CPU.Build.0 = Release|Any CPU
		{C9CA9031-A360-4A2B-AA5A-46A490F98380}.Debug|Any CPU.ActiveCfg = Debug|Any CPU
		{C9CA9031-A360-4A2B-AA5A-46A490F98380}.Debug|Any CPU.Build.0 = Debug|Any CPU
		{C9CA9031-A360-4A2B-AA5A-46A490F98380}.Release|Any CPU.ActiveCfg = Release|Any CPU
		{C9CA9031-A360-4A2B-AA5A-46A490F98380}.Release|Any CPU.Build.0 = Release|Any CPU
		{C45F441A-2E15-42E3-8DD4-F4ED2E31C4DC}.Debug|Any CPU.ActiveCfg = Debug|Any CPU
		{C45F441A-2E15-42E3-8DD4-F4ED2E31C4DC}.Debug|Any CPU.Build.0 = Debug|Any CPU
		{C45F441A-2E15-42E3-8DD4-F4ED2E31C4DC}.Release|Any CPU.ActiveCfg = Release|Any CPU
		{C45F441A-2E15-42E3-8DD4-F4ED2E31C4DC}.Release|Any CPU.Build.0 = Release|Any CPU
		{157D6A29-66AE-4BC0-9A5A-B32BC7F660FB}.Debug|Any CPU.ActiveCfg = Debug|Any CPU
		{157D6A29-66AE-4BC0-9A5A-B32BC7F660FB}.Debug|Any CPU.Build.0 = Debug|Any CPU
		{157D6A29-66AE-4BC0-9A5A-B32BC7F660FB}.Release|Any CPU.ActiveCfg = Release|Any CPU
		{157D6A29-66AE-4BC0-9A5A-B32BC7F660FB}.Release|Any CPU.Build.0 = Release|Any CPU
		{28A8A149-1F16-490B-9272-59BE32F27F5A}.Debug|Any CPU.ActiveCfg = Debug|Any CPU
		{28A8A149-1F16-490B-9272-59BE32F27F5A}.Debug|Any CPU.Build.0 = Debug|Any CPU
		{28A8A149-1F16-490B-9272-59BE32F27F5A}.Release|Any CPU.ActiveCfg = Release|Any CPU
		{28A8A149-1F16-490B-9272-59BE32F27F5A}.Release|Any CPU.Build.0 = Release|Any CPU
		{8C3D87D6-591A-4DEB-A2DC-6C21B82233A7}.Debug|Any CPU.ActiveCfg = Debug|Any CPU
		{8C3D87D6-591A-4DEB-A2DC-6C21B82233A7}.Debug|Any CPU.Build.0 = Debug|Any CPU
		{8C3D87D6-591A-4DEB-A2DC-6C21B82233A7}.Release|Any CPU.ActiveCfg = Release|Any CPU
		{8C3D87D6-591A-4DEB-A2DC-6C21B82233A7}.Release|Any CPU.Build.0 = Release|Any CPU
		{447BFAD2-6CBF-4D5B-9286-690358EBCC46}.Debug|Any CPU.ActiveCfg = Debug|Any CPU
		{447BFAD2-6CBF-4D5B-9286-690358EBCC46}.Debug|Any CPU.Build.0 = Debug|Any CPU
		{447BFAD2-6CBF-4D5B-9286-690358EBCC46}.Release|Any CPU.ActiveCfg = Release|Any CPU
		{447BFAD2-6CBF-4D5B-9286-690358EBCC46}.Release|Any CPU.Build.0 = Release|Any CPU
		{C5D7322B-118E-4AC0-B8FA-3E7BA4AD6F30}.Debug|Any CPU.ActiveCfg = Debug|Any CPU
		{C5D7322B-118E-4AC0-B8FA-3E7BA4AD6F30}.Debug|Any CPU.Build.0 = Debug|Any CPU
		{C5D7322B-118E-4AC0-B8FA-3E7BA4AD6F30}.Release|Any CPU.ActiveCfg = Release|Any CPU
		{C5D7322B-118E-4AC0-B8FA-3E7BA4AD6F30}.Release|Any CPU.Build.0 = Release|Any CPU
		{CEBB0419-F9D8-492F-BC81-05DFFD14E452}.Debug|Any CPU.ActiveCfg = Debug|Any CPU
		{CEBB0419-F9D8-492F-BC81-05DFFD14E452}.Debug|Any CPU.Build.0 = Debug|Any CPU
		{CEBB0419-F9D8-492F-BC81-05DFFD14E452}.Release|Any CPU.ActiveCfg = Release|Any CPU
		{CEBB0419-F9D8-492F-BC81-05DFFD14E452}.Release|Any CPU.Build.0 = Release|Any CPU
		{1190A4D4-FF0C-4FDC-9620-9C1E93BB3483}.Debug|Any CPU.ActiveCfg = Debug|Any CPU
		{1190A4D4-FF0C-4FDC-9620-9C1E93BB3483}.Debug|Any CPU.Build.0 = Debug|Any CPU
		{1190A4D4-FF0C-4FDC-9620-9C1E93BB3483}.Release|Any CPU.ActiveCfg = Release|Any CPU
		{1190A4D4-FF0C-4FDC-9620-9C1E93BB3483}.Release|Any CPU.Build.0 = Release|Any CPU
		{FF0D4879-35C6-4ED5-BF36-FCCD08DA71C6}.Debug|Any CPU.ActiveCfg = Debug|Any CPU
		{FF0D4879-35C6-4ED5-BF36-FCCD08DA71C6}.Debug|Any CPU.Build.0 = Debug|Any CPU
		{FF0D4879-35C6-4ED5-BF36-FCCD08DA71C6}.Release|Any CPU.ActiveCfg = Release|Any CPU
		{FF0D4879-35C6-4ED5-BF36-FCCD08DA71C6}.Release|Any CPU.Build.0 = Release|Any CPU
		{EF0F64B8-14C9-442F-9AF3-B4F0002A2874}.Debug|Any CPU.ActiveCfg = Debug|Any CPU
		{EF0F64B8-14C9-442F-9AF3-B4F0002A2874}.Debug|Any CPU.Build.0 = Debug|Any CPU
		{EF0F64B8-14C9-442F-9AF3-B4F0002A2874}.Release|Any CPU.ActiveCfg = Release|Any CPU
		{EF0F64B8-14C9-442F-9AF3-B4F0002A2874}.Release|Any CPU.Build.0 = Release|Any CPU
		{73B92FDE-1A0C-4C07-B47F-78E128FD6CDB}.Debug|Any CPU.ActiveCfg = Debug|Any CPU
		{73B92FDE-1A0C-4C07-B47F-78E128FD6CDB}.Debug|Any CPU.Build.0 = Debug|Any CPU
		{73B92FDE-1A0C-4C07-B47F-78E128FD6CDB}.Release|Any CPU.ActiveCfg = Release|Any CPU
		{73B92FDE-1A0C-4C07-B47F-78E128FD6CDB}.Release|Any CPU.Build.0 = Release|Any CPU
		{532991BF-C33F-435A-83B0-E58B9B5138AF}.Debug|Any CPU.ActiveCfg = Debug|Any CPU
		{532991BF-C33F-435A-83B0-E58B9B5138AF}.Debug|Any CPU.Build.0 = Debug|Any CPU
		{532991BF-C33F-435A-83B0-E58B9B5138AF}.Release|Any CPU.ActiveCfg = Release|Any CPU
		{532991BF-C33F-435A-83B0-E58B9B5138AF}.Release|Any CPU.Build.0 = Release|Any CPU
		{037BA58C-066C-47C8-8B2C-44564ED62755}.Debug|Any CPU.ActiveCfg = Debug|Any CPU
		{037BA58C-066C-47C8-8B2C-44564ED62755}.Debug|Any CPU.Build.0 = Debug|Any CPU
		{037BA58C-066C-47C8-8B2C-44564ED62755}.Release|Any CPU.ActiveCfg = Release|Any CPU
		{037BA58C-066C-47C8-8B2C-44564ED62755}.Release|Any CPU.Build.0 = Release|Any CPU
		{1F21E13B-A8C1-4C41-9470-51E857753EBA}.Debug|Any CPU.ActiveCfg = Debug|Any CPU
		{1F21E13B-A8C1-4C41-9470-51E857753EBA}.Debug|Any CPU.Build.0 = Debug|Any CPU
		{1F21E13B-A8C1-4C41-9470-51E857753EBA}.Release|Any CPU.ActiveCfg = Release|Any CPU
		{1F21E13B-A8C1-4C41-9470-51E857753EBA}.Release|Any CPU.Build.0 = Release|Any CPU
		{CAA1FD4F-01D1-4782-A5C3-EC8FBF78DAF2}.Debug|Any CPU.ActiveCfg = Debug|Any CPU
		{CAA1FD4F-01D1-4782-A5C3-EC8FBF78DAF2}.Debug|Any CPU.Build.0 = Debug|Any CPU
		{CAA1FD4F-01D1-4782-A5C3-EC8FBF78DAF2}.Release|Any CPU.ActiveCfg = Release|Any CPU
		{CAA1FD4F-01D1-4782-A5C3-EC8FBF78DAF2}.Release|Any CPU.Build.0 = Release|Any CPU
		{37DCC5BA-CF14-4222-B68B-B9E5D28F72F3}.Debug|Any CPU.ActiveCfg = Debug|Any CPU
		{37DCC5BA-CF14-4222-B68B-B9E5D28F72F3}.Debug|Any CPU.Build.0 = Debug|Any CPU
		{37DCC5BA-CF14-4222-B68B-B9E5D28F72F3}.Release|Any CPU.ActiveCfg = Release|Any CPU
		{37DCC5BA-CF14-4222-B68B-B9E5D28F72F3}.Release|Any CPU.Build.0 = Release|Any CPU
		{770FAD28-DA5A-4C7C-A128-9F70C64E05AC}.Debug|Any CPU.ActiveCfg = Debug|Any CPU
		{770FAD28-DA5A-4C7C-A128-9F70C64E05AC}.Debug|Any CPU.Build.0 = Debug|Any CPU
		{770FAD28-DA5A-4C7C-A128-9F70C64E05AC}.Release|Any CPU.ActiveCfg = Release|Any CPU
		{770FAD28-DA5A-4C7C-A128-9F70C64E05AC}.Release|Any CPU.Build.0 = Release|Any CPU
		{53565ABA-FEC9-44E4-B008-7CEE8B446B3A}.Debug|Any CPU.ActiveCfg = Debug|Any CPU
		{53565ABA-FEC9-44E4-B008-7CEE8B446B3A}.Debug|Any CPU.Build.0 = Debug|Any CPU
		{53565ABA-FEC9-44E4-B008-7CEE8B446B3A}.Release|Any CPU.ActiveCfg = Release|Any CPU
		{53565ABA-FEC9-44E4-B008-7CEE8B446B3A}.Release|Any CPU.Build.0 = Release|Any CPU
		{641FDD87-3CD7-4562-B90B-55FBD21B5314}.Debug|Any CPU.ActiveCfg = Debug|Any CPU
		{641FDD87-3CD7-4562-B90B-55FBD21B5314}.Debug|Any CPU.Build.0 = Debug|Any CPU
		{641FDD87-3CD7-4562-B90B-55FBD21B5314}.Release|Any CPU.ActiveCfg = Release|Any CPU
		{641FDD87-3CD7-4562-B90B-55FBD21B5314}.Release|Any CPU.Build.0 = Release|Any CPU
		{0AAE55E5-FD72-4C73-990C-C3D7A08AC183}.Debug|Any CPU.ActiveCfg = Debug|Any CPU
		{0AAE55E5-FD72-4C73-990C-C3D7A08AC183}.Debug|Any CPU.Build.0 = Debug|Any CPU
		{0AAE55E5-FD72-4C73-990C-C3D7A08AC183}.Release|Any CPU.ActiveCfg = Release|Any CPU
		{0AAE55E5-FD72-4C73-990C-C3D7A08AC183}.Release|Any CPU.Build.0 = Release|Any CPU
		{8CE9176D-C96D-4F19-94CF-7AC781787649}.Debug|Any CPU.ActiveCfg = Debug|Any CPU
		{8CE9176D-C96D-4F19-94CF-7AC781787649}.Debug|Any CPU.Build.0 = Debug|Any CPU
		{8CE9176D-C96D-4F19-94CF-7AC781787649}.Release|Any CPU.ActiveCfg = Release|Any CPU
		{8CE9176D-C96D-4F19-94CF-7AC781787649}.Release|Any CPU.Build.0 = Release|Any CPU
		{A90CB0A7-F762-4CA1-B510-1B0959686535}.Debug|Any CPU.ActiveCfg = Debug|Any CPU
		{A90CB0A7-F762-4CA1-B510-1B0959686535}.Debug|Any CPU.Build.0 = Debug|Any CPU
		{A90CB0A7-F762-4CA1-B510-1B0959686535}.Release|Any CPU.ActiveCfg = Release|Any CPU
		{A90CB0A7-F762-4CA1-B510-1B0959686535}.Release|Any CPU.Build.0 = Release|Any CPU
	EndGlobalSection
	GlobalSection(SolutionProperties) = preSolution
		HideSolutionNode = FALSE
	EndGlobalSection
	GlobalSection(ExtensibilityGlobals) = postSolution
		SolutionGuid = {8A6BAE49-686F-4DD5-8CE9-09C92E05F39B}
	EndGlobalSection
EndGlobal
